
Microsoft Visual Studio Solution File, Format Version 12.00
# Visual Studio Version 17
VisualStudioVersion = 17.1.32210.238
MinimumVisualStudioVersion = 10.0.40219.1
Project("{FAE04EC0-301F-11D3-BF4B-00C04F79EFBC}") = "VS Adjacent Ignition Mod", "VS Adjacent Ignition Mod\VS Adjacent Ignition Mod.csproj", "{B0499753-A1D5-49E6-BEEB-68D9180C9811}"
EndProject
Project("{FAE04EC0-301F-11D3-BF4B-00C04F79EFBC}") = "CakeBuild", "ZZCakeBuild\CakeBuild.csproj", "{26BB40BF-53AA-453E-9113-F797181C97EF}"
EndProject
Global
	GlobalSection(SolutionConfigurationPlatforms) = preSolution
		Debug|Any CPU = Debug|Any CPU
		Release|Any CPU = Release|Any CPU
	EndGlobalSection
	GlobalSection(ProjectConfigurationPlatforms) = postSolution
		{B0499753-A1D5-49E6-BEEB-68D9180C9811}.Debug|Any CPU.ActiveCfg = Debug|Any CPU
		{B0499753-A1D5-49E6-BEEB-68D9180C9811}.Debug|Any CPU.Build.0 = Debug|Any CPU
		{B0499753-A1D5-49E6-BEEB-68D9180C9811}.Release|Any CPU.ActiveCfg = Release|Any CPU
		{B0499753-A1D5-49E6-BEEB-68D9180C9811}.Release|Any CPU.Build.0 = Release|Any CPU
		{26BB40BF-53AA-453E-9113-F797181C97EF}.Debug|Any CPU.ActiveCfg = Debug|Any CPU
		{26BB40BF-53AA-453E-9113-F797181C97EF}.Debug|Any CPU.Build.0 = Debug|Any CPU
		{26BB40BF-53AA-453E-9113-F797181C97EF}.Release|Any CPU.ActiveCfg = Release|Any CPU
		{26BB40BF-53AA-453E-9113-F797181C97EF}.Release|Any CPU.Build.0 = Release|Any CPU
	EndGlobalSection
	GlobalSection(SolutionProperties) = preSolution
		HideSolutionNode = FALSE
	EndGlobalSection
	GlobalSection(ExtensibilityGlobals) = postSolution
		SolutionGuid = {0D030DB7-A7D1-43F3-8E93-F1DE4AB90EFD}
	EndGlobalSection
EndGlobal
